
Microsoft Visual Studio Solution File, Format Version 12.00
# Visual Studio Version 16
VisualStudioVersion = 16.0.29306.81
MinimumVisualStudioVersion = 10.0.40219.1
Project("{FAE04EC0-301F-11D3-BF4B-00C04F79EFBC}") = "ZarabotnayaPlataApp", "ZarabotnayaPlataApp.csproj", "{B81B7E6C-FC44-4C99-ACCC-6CCD0A02B690}"
EndProject
Global
	GlobalSection(SolutionConfigurationPlatforms) = preSolution
		Debug|Any CPU = Debug|Any CPU
		Release|Any CPU = Release|Any CPU
	EndGlobalSection
	GlobalSection(ProjectConfigurationPlatforms) = postSolution
		{B81B7E6C-FC44-4C99-ACCC-6CCD0A02B690}.Debug|Any CPU.ActiveCfg = Debug|Any CPU
		{B81B7E6C-FC44-4C99-ACCC-6CCD0A02B690}.Debug|Any CPU.Build.0 = Debug|Any CPU
		{B81B7E6C-FC44-4C99-ACCC-6CCD0A02B690}.Release|Any CPU.ActiveCfg = Release|Any CPU
		{B81B7E6C-FC44-4C99-ACCC-6CCD0A02B690}.Release|Any CPU.Build.0 = Release|Any CPU
	EndGlobalSection
	GlobalSection(SolutionProperties) = preSolution
		HideSolutionNode = FALSE
	EndGlobalSection
	GlobalSection(ExtensibilityGlobals) = postSolution
		SolutionGuid = {4ACE645A-80E8-49FE-A0CF-B67423B7E4FB}
	EndGlobalSection
EndGlobal
